
Microsoft Visual Studio Solution File, Format Version 12.00
# Visual Studio Version 16
VisualStudioVersion = 16.0.28407.52
MinimumVisualStudioVersion = 10.0.40219.1
Project("{FAE04EC0-301F-11D3-BF4B-00C04F79EFBC}") = "ChatBoxDemo", "ChaBoxDemo\ChatBoxDemo.csproj", "{2AC45741-AE62-423D-9B02-159DB141ED64}"
EndProject
Global
	GlobalSection(SolutionConfigurationPlatforms) = preSolution
		Debug|Any CPU = Debug|Any CPU
		Release|Any CPU = Release|Any CPU
	EndGlobalSection
	GlobalSection(ProjectConfigurationPlatforms) = postSolution
		{2AC45741-AE62-423D-9B02-159DB141ED64}.Debug|Any CPU.ActiveCfg = Debug|Any CPU
		{2AC45741-AE62-423D-9B02-159DB141ED64}.Debug|Any CPU.Build.0 = Debug|Any CPU
		{2AC45741-AE62-423D-9B02-159DB141ED64}.Release|Any CPU.ActiveCfg = Release|Any CPU
		{2AC45741-AE62-423D-9B02-159DB141ED64}.Release|Any CPU.Build.0 = Release|Any CPU
	EndGlobalSection
	GlobalSection(SolutionProperties) = preSolution
		HideSolutionNode = FALSE
	EndGlobalSection
	GlobalSection(ExtensibilityGlobals) = postSolution
		SolutionGuid = {B9CF43CF-2698-4F69-B995-1834B6C6AE15}
	EndGlobalSection
EndGlobal
